
Microsoft Visual Studio Solution File, Format Version 12.00
# Visual Studio Version 17
VisualStudioVersion = 17.14.36414.22 d17.14
MinimumVisualStudioVersion = 10.0.40219.1
Project("{FAE04EC0-301F-11D3-BF4B-00C04F79EFBC}") = "VariablesExercise", "VariablesExercise\VariablesExercise.csproj", "{0BFED623-0608-4D57-841B-14879DD119FF}"
EndProject
Global
	GlobalSection(SolutionConfigurationPlatforms) = preSolution
		Debug|Any CPU = Debug|Any CPU
		Release|Any CPU = Release|Any CPU
	EndGlobalSection
	GlobalSection(ProjectConfigurationPlatforms) = postSolution
		{0BFED623-0608-4D57-841B-14879DD119FF}.Debug|Any CPU.ActiveCfg = Debug|Any CPU
		{0BFED623-0608-4D57-841B-14879DD119FF}.Debug|Any CPU.Build.0 = Debug|Any CPU
		{0BFED623-0608-4D57-841B-14879DD119FF}.Release|Any CPU.ActiveCfg = Release|Any CPU
		{0BFED623-0608-4D57-841B-14879DD119FF}.Release|Any CPU.Build.0 = Release|Any CPU
	EndGlobalSection
	GlobalSection(SolutionProperties) = preSolution
		HideSolutionNode = FALSE
	EndGlobalSection
	GlobalSection(ExtensibilityGlobals) = postSolution
		SolutionGuid = {E033DDB9-4A46-44DE-997E-D0A060E11603}
	EndGlobalSection
EndGlobal
